
Microsoft Visual Studio Solution File, Format Version 12.00
# Visual Studio Version 17
VisualStudioVersion = 17.1.32210.238
MinimumVisualStudioVersion = 10.0.40219.1
Project("{FAE04EC0-301F-11D3-BF4B-00C04F79EFBC}") = "FacePost", "FacePost\FacePost.csproj", "{F4B22416-C014-4449-B6C2-1624DE5060C5}"
EndProject
Global
	GlobalSection(SolutionConfigurationPlatforms) = preSolution
		Debug|Any CPU = Debug|Any CPU
		Release|Any CPU = Release|Any CPU
	EndGlobalSection
	GlobalSection(ProjectConfigurationPlatforms) = postSolution
		{F4B22416-C014-4449-B6C2-1624DE5060C5}.Debug|Any CPU.ActiveCfg = Debug|Any CPU
		{F4B22416-C014-4449-B6C2-1624DE5060C5}.Debug|Any CPU.Build.0 = Debug|Any CPU
		{F4B22416-C014-4449-B6C2-1624DE5060C5}.Debug|Any CPU.Deploy.0 = Debug|Any CPU
		{F4B22416-C014-4449-B6C2-1624DE5060C5}.Release|Any CPU.ActiveCfg = Release|Any CPU
		{F4B22416-C014-4449-B6C2-1624DE5060C5}.Release|Any CPU.Build.0 = Release|Any CPU
		{F4B22416-C014-4449-B6C2-1624DE5060C5}.Release|Any CPU.Deploy.0 = Release|Any CPU
	EndGlobalSection
	GlobalSection(SolutionProperties) = preSolution
		HideSolutionNode = FALSE
	EndGlobalSection
	GlobalSection(ExtensibilityGlobals) = postSolution
		SolutionGuid = {BD808E7B-9F23-4516-98B0-6294AB20FC1A}
	EndGlobalSection
EndGlobal
